
Microsoft Visual Studio Solution File, Format Version 12.00
# Visual Studio 2013
VisualStudioVersion = 12.0.30501.0
MinimumVisualStudioVersion = 10.0.40219.1
Project("{FAE04EC0-301F-11D3-BF4B-00C04F79EFBC}") = "XamarinXamlPreview.iOS", "XamarinXamlPreview\XamarinXamlPreview.iOS\XamarinXamlPreview.iOS.csproj", "{30DB0931-3617-499F-B818-A356793D0A59}"
EndProject
Project("{FAE04EC0-301F-11D3-BF4B-00C04F79EFBC}") = "XamarinXamlPreview.Android", "XamarinXamlPreview\XamarinXamlPreview.Android\XamarinXamlPreview.Android.csproj", "{775A194C-366B-4081-9361-DD208BCF00FE}"
EndProject
Project("{FAE04EC0-301F-11D3-BF4B-00C04F79EFBC}") = "XamarinXamlPreview.WinPhone", "XamarinXamlPreview\XamarinXamlPreview.WinPhone\XamarinXamlPreview.WinPhone.csproj", "{9C76421B-D565-4849-B922-89245C21B68E}"
EndProject
Project("{F2A71F9B-5D33-465A-A702-920D77279786}") = "XamarinXamlPrev", "XamarinXamlPrev\XamarinXamlPrev.fsproj", "{4CC211E9-D203-4541-B141-5AE19BD1397B}"
EndProject
Project("{2150E333-8FDC-42A3-9474-1A3956D46DE8}") = ".nuget", ".nuget", "{0B9F9436-CDB4-43A0-8A38-87C9A8886B4D}"
	ProjectSection(SolutionItems) = preProject
		.nuget\NuGet.Config = .nuget\NuGet.Config
		.nuget\NuGet.exe = .nuget\NuGet.exe
		.nuget\NuGet.targets = .nuget\NuGet.targets
	EndProjectSection
EndProject
Project("{2150E333-8FDC-42A3-9474-1A3956D46DE8}") = "doc", "doc", "{4C05C941-6A86-4772-B7DB-B6E2C819E4D1}"
	ProjectSection(SolutionItems) = preProject
		README.md = README.md
	EndProjectSection
EndProject
Global
	GlobalSection(SolutionConfigurationPlatforms) = preSolution
		Ad-Hoc|Any CPU = Ad-Hoc|Any CPU
		Ad-Hoc|ARM = Ad-Hoc|ARM
		Ad-Hoc|iPhone = Ad-Hoc|iPhone
		Ad-Hoc|iPhoneSimulator = Ad-Hoc|iPhoneSimulator
		Ad-Hoc|Mixed Platforms = Ad-Hoc|Mixed Platforms
		Ad-Hoc|x86 = Ad-Hoc|x86
		AppStore|Any CPU = AppStore|Any CPU
		AppStore|ARM = AppStore|ARM
		AppStore|iPhone = AppStore|iPhone
		AppStore|iPhoneSimulator = AppStore|iPhoneSimulator
		AppStore|Mixed Platforms = AppStore|Mixed Platforms
		AppStore|x86 = AppStore|x86
		Debug|Any CPU = Debug|Any CPU
		Debug|ARM = Debug|ARM
		Debug|iPhone = Debug|iPhone
		Debug|iPhoneSimulator = Debug|iPhoneSimulator
		Debug|Mixed Platforms = Debug|Mixed Platforms
		Debug|x86 = Debug|x86
		Release|Any CPU = Release|Any CPU
		Release|ARM = Release|ARM
		Release|iPhone = Release|iPhone
		Release|iPhoneSimulator = Release|iPhoneSimulator
		Release|Mixed Platforms = Release|Mixed Platforms
		Release|x86 = Release|x86
	EndGlobalSection
	GlobalSection(ProjectConfigurationPlatforms) = postSolution
		{30DB0931-3617-499F-B818-A356793D0A59}.Ad-Hoc|Any CPU.ActiveCfg = Ad-Hoc|iPhone
		{30DB0931-3617-499F-B818-A356793D0A59}.Ad-Hoc|ARM.ActiveCfg = Ad-Hoc|iPhone
		{30DB0931-3617-499F-B818-A356793D0A59}.Ad-Hoc|iPhone.ActiveCfg = Ad-Hoc|iPhone
		{30DB0931-3617-499F-B818-A356793D0A59}.Ad-Hoc|iPhone.Build.0 = Ad-Hoc|iPhone
		{30DB0931-3617-499F-B818-A356793D0A59}.Ad-Hoc|iPhone.Deploy.0 = Ad-Hoc|iPhone
		{30DB0931-3617-499F-B818-A356793D0A59}.Ad-Hoc|iPhoneSimulator.ActiveCfg = Ad-Hoc|iPhoneSimulator
		{30DB0931-3617-499F-B818-A356793D0A59}.Ad-Hoc|iPhoneSimulator.Build.0 = Ad-Hoc|iPhoneSimulator
		{30DB0931-3617-499F-B818-A356793D0A59}.Ad-Hoc|iPhoneSimulator.Deploy.0 = Ad-Hoc|iPhoneSimulator
		{30DB0931-3617-499F-B818-A356793D0A59}.Ad-Hoc|Mixed Platforms.ActiveCfg = Ad-Hoc|iPhone
		{30DB0931-3617-499F-B818-A356793D0A59}.Ad-Hoc|Mixed Platforms.Build.0 = Ad-Hoc|iPhone
		{30DB0931-3617-499F-B818-A356793D0A59}.Ad-Hoc|Mixed Platforms.Deploy.0 = Ad-Hoc|iPhone
		{30DB0931-3617-499F-B818-A356793D0A59}.Ad-Hoc|x86.ActiveCfg = Ad-Hoc|iPhone
		{30DB0931-3617-499F-B818-A356793D0A59}.AppStore|Any CPU.ActiveCfg = AppStore|iPhone
		{30DB0931-3617-499F-B818-A356793D0A59}.AppStore|ARM.ActiveCfg = AppStore|iPhone
		{30DB0931-3617-499F-B818-A356793D0A59}.AppStore|iPhone.ActiveCfg = AppStore|iPhone
		{30DB0931-3617-499F-B818-A356793D0A59}.AppStore|iPhone.Build.0 = AppStore|iPhone
		{30DB0931-3617-499F-B818-A356793D0A59}.AppStore|iPhone.Deploy.0 = AppStore|iPhone
		{30DB0931-3617-499F-B818-A356793D0A59}.AppStore|iPhoneSimulator.ActiveCfg = AppStore|iPhoneSimulator
		{30DB0931-3617-499F-B818-A356793D0A59}.AppStore|iPhoneSimulator.Build.0 = AppStore|iPhoneSimulator
		{30DB0931-3617-499F-B818-A356793D0A59}.AppStore|iPhoneSimulator.Deploy.0 = AppStore|iPhoneSimulator
		{30DB0931-3617-499F-B818-A356793D0A59}.AppStore|Mixed Platforms.ActiveCfg = AppStore|iPhone
		{30DB0931-3617-499F-B818-A356793D0A59}.AppStore|Mixed Platforms.Build.0 = AppStore|iPhone
		{30DB0931-3617-499F-B818-A356793D0A59}.AppStore|Mixed Platforms.Deploy.0 = AppStore|iPhone
		{30DB0931-3617-499F-B818-A356793D0A59}.AppStore|x86.ActiveCfg = AppStore|iPhone
		{30DB0931-3617-499F-B818-A356793D0A59}.Debug|Any CPU.ActiveCfg = Debug|iPhone
		{30DB0931-3617-499F-B818-A356793D0A59}.Debug|ARM.ActiveCfg = Debug|iPhone
		{30DB0931-3617-499F-B818-A356793D0A59}.Debug|iPhone.ActiveCfg = Debug|iPhone
		{30DB0931-3617-499F-B818-A356793D0A59}.Debug|iPhone.Build.0 = Debug|iPhone
		{30DB0931-3617-499F-B818-A356793D0A59}.Debug|iPhone.Deploy.0 = Debug|iPhone
		{30DB0931-3617-499F-B818-A356793D0A59}.Debug|iPhoneSimulator.ActiveCfg = Debug|iPhoneSimulator
		{30DB0931-3617-499F-B818-A356793D0A59}.Debug|iPhoneSimulator.Build.0 = Debug|iPhoneSimulator
		{30DB0931-3617-499F-B818-A356793D0A59}.Debug|iPhoneSimulator.Deploy.0 = Debug|iPhoneSimulator
		{30DB0931-3617-499F-B818-A356793D0A59}.Debug|Mixed Platforms.ActiveCfg = Debug|iPhone
		{30DB0931-3617-499F-B818-A356793D0A59}.Debug|Mixed Platforms.Build.0 = Debug|iPhone
		{30DB0931-3617-499F-B818-A356793D0A59}.Debug|Mixed Platforms.Deploy.0 = Debug|iPhone
		{30DB0931-3617-499F-B818-A356793D0A59}.Debug|x86.ActiveCfg = Debug|iPhone
		{30DB0931-3617-499F-B818-A356793D0A59}.Release|Any CPU.ActiveCfg = Release|iPhone
		{30DB0931-3617-499F-B818-A356793D0A59}.Release|ARM.ActiveCfg = Release|iPhone
		{30DB0931-3617-499F-B818-A356793D0A59}.Release|iPhone.ActiveCfg = Release|iPhone
		{30DB0931-3617-499F-B818-A356793D0A59}.Release|iPhone.Build.0 = Release|iPhone
		{30DB0931-3617-499F-B818-A356793D0A59}.Release|iPhone.Deploy.0 = Release|iPhone
		{30DB0931-3617-499F-B818-A356793D0A59}.Release|iPhoneSimulator.ActiveCfg = Release|iPhoneSimulator
		{30DB0931-3617-499F-B818-A356793D0A59}.Release|iPhoneSimulator.Build.0 = Release|iPhoneSimulator
		{30DB0931-3617-499F-B818-A356793D0A59}.Release|iPhoneSimulator.Deploy.0 = Release|iPhoneSimulator
		{30DB0931-3617-499F-B818-A356793D0A59}.Release|Mixed Platforms.ActiveCfg = Release|iPhone
		{30DB0931-3617-499F-B818-A356793D0A59}.Release|Mixed Platforms.Build.0 = Release|iPhone
		{30DB0931-3617-499F-B818-A356793D0A59}.Release|Mixed Platforms.Deploy.0 = Release|iPhone
		{30DB0931-3617-499F-B818-A356793D0A59}.Release|x86.ActiveCfg = Release|iPhone
		{775A194C-366B-4081-9361-DD208BCF00FE}.Ad-Hoc|Any CPU.ActiveCfg = Release|Any CPU
		{775A194C-366B-4081-9361-DD208BCF00FE}.Ad-Hoc|Any CPU.Build.0 = Release|Any CPU
		{775A194C-366B-4081-9361-DD208BCF00FE}.Ad-Hoc|Any CPU.Deploy.0 = Release|Any CPU
		{775A194C-366B-4081-9361-DD208BCF00FE}.Ad-Hoc|ARM.ActiveCfg = Release|Any CPU
		{775A194C-366B-4081-9361-DD208BCF00FE}.Ad-Hoc|iPhone.ActiveCfg = Release|Any CPU
		{775A194C-366B-4081-9361-DD208BCF00FE}.Ad-Hoc|iPhoneSimulator.ActiveCfg = Release|Any CPU
		{775A194C-366B-4081-9361-DD208BCF00FE}.Ad-Hoc|Mixed Platforms.ActiveCfg = Release|Any CPU
		{775A194C-366B-4081-9361-DD208BCF00FE}.Ad-Hoc|Mixed Platforms.Build.0 = Release|Any CPU
		{775A194C-366B-4081-9361-DD208BCF00FE}.Ad-Hoc|Mixed Platforms.Deploy.0 = Release|Any CPU
		{775A194C-366B-4081-9361-DD208BCF00FE}.Ad-Hoc|x86.ActiveCfg = Release|Any CPU
		{775A194C-366B-4081-9361-DD208BCF00FE}.AppStore|Any CPU.ActiveCfg = Release|Any CPU
		{775A194C-366B-4081-9361-DD208BCF00FE}.AppStore|Any CPU.Build.0 = Release|Any CPU
		{775A194C-366B-4081-9361-DD208BCF00FE}.AppStore|Any CPU.Deploy.0 = Release|Any CPU
		{775A194C-366B-4081-9361-DD208BCF00FE}.AppStore|ARM.ActiveCfg = Release|Any CPU
		{775A194C-366B-4081-9361-DD208BCF00FE}.AppStore|iPhone.ActiveCfg = Release|Any CPU
		{775A194C-366B-4081-9361-DD208BCF00FE}.AppStore|iPhoneSimulator.ActiveCfg = Release|Any CPU
		{775A194C-366B-4081-9361-DD208BCF00FE}.AppStore|Mixed Platforms.ActiveCfg = Release|Any CPU
		{775A194C-366B-4081-9361-DD208BCF00FE}.AppStore|Mixed Platforms.Build.0 = Release|Any CPU
		{775A194C-366B-4081-9361-DD208BCF00FE}.AppStore|Mixed Platforms.Deploy.0 = Release|Any CPU
		{775A194C-366B-4081-9361-DD208BCF00FE}.AppStore|x86.ActiveCfg = Release|Any CPU
		{775A194C-366B-4081-9361-DD208BCF00FE}.Debug|Any CPU.ActiveCfg = Debug|Any CPU
		{775A194C-366B-4081-9361-DD208BCF00FE}.Debug|Any CPU.Build.0 = Debug|Any CPU
		{775A194C-366B-4081-9361-DD208BCF00FE}.Debug|Any CPU.Deploy.0 = Debug|Any CPU
		{775A194C-366B-4081-9361-DD208BCF00FE}.Debug|ARM.ActiveCfg = Debug|Any CPU
		{775A194C-366B-4081-9361-DD208BCF00FE}.Debug|iPhone.ActiveCfg = Debug|Any CPU
		{775A194C-366B-4081-9361-DD208BCF00FE}.Debug|iPhoneSimulator.ActiveCfg = Debug|Any CPU
		{775A194C-366B-4081-9361-DD208BCF00FE}.Debug|Mixed Platforms.ActiveCfg = Debug|Any CPU
		{775A194C-366B-4081-9361-DD208BCF00FE}.Debug|Mixed Platforms.Build.0 = Debug|Any CPU
		{775A194C-366B-4081-9361-DD208BCF00FE}.Debug|Mixed Platforms.Deploy.0 = Debug|Any CPU
		{775A194C-366B-4081-9361-DD208BCF00FE}.Debug|x86.ActiveCfg = Debug|Any CPU
		{775A194C-366B-4081-9361-DD208BCF00FE}.Release|Any CPU.ActiveCfg = Release|Any CPU
		{775A194C-366B-4081-9361-DD208BCF00FE}.Release|Any CPU.Build.0 = Release|Any CPU
		{775A194C-366B-4081-9361-DD208BCF00FE}.Release|Any CPU.Deploy.0 = Release|Any CPU
		{775A194C-366B-4081-9361-DD208BCF00FE}.Release|ARM.ActiveCfg = Release|Any CPU
		{775A194C-366B-4081-9361-DD208BCF00FE}.Release|iPhone.ActiveCfg = Release|Any CPU
		{775A194C-366B-4081-9361-DD208BCF00FE}.Release|iPhoneSimulator.ActiveCfg = Release|Any CPU
		{775A194C-366B-4081-9361-DD208BCF00FE}.Release|Mixed Platforms.ActiveCfg = Release|Any CPU
		{775A194C-366B-4081-9361-DD208BCF00FE}.Release|Mixed Platforms.Build.0 = Release|Any CPU
		{775A194C-366B-4081-9361-DD208BCF00FE}.Release|Mixed Platforms.Deploy.0 = Release|Any CPU
		{775A194C-366B-4081-9361-DD208BCF00FE}.Release|x86.ActiveCfg = Release|Any CPU
		{9C76421B-D565-4849-B922-89245C21B68E}.Ad-Hoc|Any CPU.ActiveCfg = Release|Any CPU
		{9C76421B-D565-4849-B922-89245C21B68E}.Ad-Hoc|Any CPU.Build.0 = Release|Any CPU
		{9C76421B-D565-4849-B922-89245C21B68E}.Ad-Hoc|Any CPU.Deploy.0 = Release|Any CPU
		{9C76421B-D565-4849-B922-89245C21B68E}.Ad-Hoc|ARM.ActiveCfg = Release|ARM
		{9C76421B-D565-4849-B922-89245C21B68E}.Ad-Hoc|ARM.Build.0 = Release|ARM
		{9C76421B-D565-4849-B922-89245C21B68E}.Ad-Hoc|ARM.Deploy.0 = Release|ARM
		{9C76421B-D565-4849-B922-89245C21B68E}.Ad-Hoc|iPhone.ActiveCfg = Release|Any CPU
		{9C76421B-D565-4849-B922-89245C21B68E}.Ad-Hoc|iPhoneSimulator.ActiveCfg = Release|Any CPU
		{9C76421B-D565-4849-B922-89245C21B68E}.Ad-Hoc|Mixed Platforms.ActiveCfg = Release|x86
		{9C76421B-D565-4849-B922-89245C21B68E}.Ad-Hoc|Mixed Platforms.Build.0 = Release|x86
		{9C76421B-D565-4849-B922-89245C21B68E}.Ad-Hoc|Mixed Platforms.Deploy.0 = Release|x86
		{9C76421B-D565-4849-B922-89245C21B68E}.Ad-Hoc|x86.ActiveCfg = Release|x86
		{9C76421B-D565-4849-B922-89245C21B68E}.Ad-Hoc|x86.Build.0 = Release|x86
		{9C76421B-D565-4849-B922-89245C21B68E}.Ad-Hoc|x86.Deploy.0 = Release|x86
		{9C76421B-D565-4849-B922-89245C21B68E}.AppStore|Any CPU.ActiveCfg = Release|Any CPU
		{9C76421B-D565-4849-B922-89245C21B68E}.AppStore|Any CPU.Build.0 = Release|Any CPU
		{9C76421B-D565-4849-B922-89245C21B68E}.AppStore|Any CPU.Deploy.0 = Release|Any CPU
		{9C76421B-D565-4849-B922-89245C21B68E}.AppStore|ARM.ActiveCfg = Release|ARM
		{9C76421B-D565-4849-B922-89245C21B68E}.AppStore|ARM.Build.0 = Release|ARM
		{9C76421B-D565-4849-B922-89245C21B68E}.AppStore|ARM.Deploy.0 = Release|ARM
		{9C76421B-D565-4849-B922-89245C21B68E}.AppStore|iPhone.ActiveCfg = Release|Any CPU
		{9C76421B-D565-4849-B922-89245C21B68E}.AppStore|iPhoneSimulator.ActiveCfg = Release|Any CPU
		{9C76421B-D565-4849-B922-89245C21B68E}.AppStore|Mixed Platforms.ActiveCfg = Release|x86
		{9C76421B-D565-4849-B922-89245C21B68E}.AppStore|Mixed Platforms.Build.0 = Release|x86
		{9C76421B-D565-4849-B922-89245C21B68E}.AppStore|Mixed Platforms.Deploy.0 = Release|x86
		{9C76421B-D565-4849-B922-89245C21B68E}.AppStore|x86.ActiveCfg = Release|x86
		{9C76421B-D565-4849-B922-89245C21B68E}.AppStore|x86.Build.0 = Release|x86
		{9C76421B-D565-4849-B922-89245C21B68E}.AppStore|x86.Deploy.0 = Release|x86
		{9C76421B-D565-4849-B922-89245C21B68E}.Debug|Any CPU.ActiveCfg = Debug|Any CPU
		{9C76421B-D565-4849-B922-89245C21B68E}.Debug|Any CPU.Build.0 = Debug|Any CPU
		{9C76421B-D565-4849-B922-89245C21B68E}.Debug|Any CPU.Deploy.0 = Debug|Any CPU
		{9C76421B-D565-4849-B922-89245C21B68E}.Debug|ARM.ActiveCfg = Debug|ARM
		{9C76421B-D565-4849-B922-89245C21B68E}.Debug|ARM.Build.0 = Debug|ARM
		{9C76421B-D565-4849-B922-89245C21B68E}.Debug|ARM.Deploy.0 = Debug|ARM
		{9C76421B-D565-4849-B922-89245C21B68E}.Debug|iPhone.ActiveCfg = Debug|Any CPU
		{9C76421B-D565-4849-B922-89245C21B68E}.Debug|iPhoneSimulator.ActiveCfg = Debug|Any CPU
		{9C76421B-D565-4849-B922-89245C21B68E}.Debug|Mixed Platforms.ActiveCfg = Debug|x86
		{9C76421B-D565-4849-B922-89245C21B68E}.Debug|Mixed Platforms.Build.0 = Debug|x86
		{9C76421B-D565-4849-B922-89245C21B68E}.Debug|Mixed Platforms.Deploy.0 = Debug|x86
		{9C76421B-D565-4849-B922-89245C21B68E}.Debug|x86.ActiveCfg = Debug|x86
		{9C76421B-D565-4849-B922-89245C21B68E}.Debug|x86.Build.0 = Debug|x86
		{9C76421B-D565-4849-B922-89245C21B68E}.Debug|x86.Deploy.0 = Debug|x86
		{9C76421B-D565-4849-B922-89245C21B68E}.Release|Any CPU.ActiveCfg = Release|Any CPU
		{9C76421B-D565-4849-B922-89245C21B68E}.Release|Any CPU.Build.0 = Release|Any CPU
		{9C76421B-D565-4849-B922-89245C21B68E}.Release|Any CPU.Deploy.0 = Release|Any CPU
		{9C76421B-D565-4849-B922-89245C21B68E}.Release|ARM.ActiveCfg = Release|ARM
		{9C76421B-D565-4849-B922-89245C21B68E}.Release|ARM.Build.0 = Release|ARM
		{9C76421B-D565-4849-B922-89245C21B68E}.Release|ARM.Deploy.0 = Release|ARM
		{9C76421B-D565-4849-B922-89245C21B68E}.Release|iPhone.ActiveCfg = Release|Any CPU
		{9C76421B-D565-4849-B922-89245C21B68E}.Release|iPhoneSimulator.ActiveCfg = Release|Any CPU
		{9C76421B-D565-4849-B922-89245C21B68E}.Release|Mixed Platforms.ActiveCfg = Release|x86
		{9C76421B-D565-4849-B922-89245C21B68E}.Release|Mixed Platforms.Build.0 = Release|x86
		{9C76421B-D565-4849-B922-89245C21B68E}.Release|Mixed Platforms.Deploy.0 = Release|x86
		{9C76421B-D565-4849-B922-89245C21B68E}.Release|x86.ActiveCfg = Release|x86
		{9C76421B-D565-4849-B922-89245C21B68E}.Release|x86.Build.0 = Release|x86
		{9C76421B-D565-4849-B922-89245C21B68E}.Release|x86.Deploy.0 = Release|x86
		{4CC211E9-D203-4541-B141-5AE19BD1397B}.Ad-Hoc|Any CPU.ActiveCfg = Release|Any CPU
		{4CC211E9-D203-4541-B141-5AE19BD1397B}.Ad-Hoc|Any CPU.Build.0 = Release|Any CPU
		{4CC211E9-D203-4541-B141-5AE19BD1397B}.Ad-Hoc|ARM.ActiveCfg = Release|Any CPU
		{4CC211E9-D203-4541-B141-5AE19BD1397B}.Ad-Hoc|iPhone.ActiveCfg = Release|Any CPU
		{4CC211E9-D203-4541-B141-5AE19BD1397B}.Ad-Hoc|iPhoneSimulator.ActiveCfg = Release|Any CPU
		{4CC211E9-D203-4541-B141-5AE19BD1397B}.Ad-Hoc|Mixed Platforms.ActiveCfg = Release|Any CPU
		{4CC211E9-D203-4541-B141-5AE19BD1397B}.Ad-Hoc|Mixed Platforms.Build.0 = Release|Any CPU
		{4CC211E9-D203-4541-B141-5AE19BD1397B}.Ad-Hoc|x86.ActiveCfg = Release|Any CPU
		{4CC211E9-D203-4541-B141-5AE19BD1397B}.AppStore|Any CPU.ActiveCfg = Release|Any CPU
		{4CC211E9-D203-4541-B141-5AE19BD1397B}.AppStore|Any CPU.Build.0 = Release|Any CPU
		{4CC211E9-D203-4541-B141-5AE19BD1397B}.AppStore|ARM.ActiveCfg = Release|Any CPU
		{4CC211E9-D203-4541-B141-5AE19BD1397B}.AppStore|iPhone.ActiveCfg = Release|Any CPU
		{4CC211E9-D203-4541-B141-5AE19BD1397B}.AppStore|iPhoneSimulator.ActiveCfg = Release|Any CPU
		{4CC211E9-D203-4541-B141-5AE19BD1397B}.AppStore|Mixed Platforms.ActiveCfg = Release|Any CPU
		{4CC211E9-D203-4541-B141-5AE19BD1397B}.AppStore|Mixed Platforms.Build.0 = Release|Any CPU
		{4CC211E9-D203-4541-B141-5AE19BD1397B}.AppStore|x86.ActiveCfg = Release|Any CPU
		{4CC211E9-D203-4541-B141-5AE19BD1397B}.Debug|Any CPU.ActiveCfg = Debug|Any CPU
		{4CC211E9-D203-4541-B141-5AE19BD1397B}.Debug|Any CPU.Build.0 = Debug|Any CPU
		{4CC211E9-D203-4541-B141-5AE19BD1397B}.Debug|ARM.ActiveCfg = Debug|Any CPU
		{4CC211E9-D203-4541-B141-5AE19BD1397B}.Debug|iPhone.ActiveCfg = Debug|Any CPU
		{4CC211E9-D203-4541-B141-5AE19BD1397B}.Debug|iPhoneSimulator.ActiveCfg = Debug|Any CPU
		{4CC211E9-D203-4541-B141-5AE19BD1397B}.Debug|Mixed Platforms.ActiveCfg = Debug|Any CPU
		{4CC211E9-D203-4541-B141-5AE19BD1397B}.Debug|Mixed Platforms.Build.0 = Debug|Any CPU
		{4CC211E9-D203-4541-B141-5AE19BD1397B}.Debug|x86.ActiveCfg = Debug|Any CPU
		{4CC211E9-D203-4541-B141-5AE19BD1397B}.Release|Any CPU.ActiveCfg = Release|Any CPU
		{4CC211E9-D203-4541-B141-5AE19BD1397B}.Release|Any CPU.Build.0 = Release|Any CPU
		{4CC211E9-D203-4541-B141-5AE19BD1397B}.Release|ARM.ActiveCfg = Release|Any CPU
		{4CC211E9-D203-4541-B141-5AE19BD1397B}.Release|iPhone.ActiveCfg = Release|Any CPU
		{4CC211E9-D203-4541-B141-5AE19BD1397B}.Release|iPhoneSimulator.ActiveCfg = Release|Any CPU
		{4CC211E9-D203-4541-B141-5AE19BD1397B}.Release|Mixed Platforms.ActiveCfg = Release|Any CPU
		{4CC211E9-D203-4541-B141-5AE19BD1397B}.Release|Mixed Platforms.Build.0 = Release|Any CPU
		{4CC211E9-D203-4541-B141-5AE19BD1397B}.Release|x86.ActiveCfg = Release|Any CPU
	EndGlobalSection
	GlobalSection(SolutionProperties) = preSolution
		HideSolutionNode = FALSE
	EndGlobalSection
EndGlobal
