
Microsoft Visual Studio Solution File, Format Version 12.00
# Visual Studio 2013
VisualStudioVersion = 12.0.30501.0
MinimumVisualStudioVersion = 10.0.40219.1
Project("{FAE04EC0-301F-11D3-BF4B-00C04F79EFBC}") = "XamarinXamlPreviewCS", "XamarinXamlPreviewCS\XamarinXamlPreviewCS\XamarinXamlPreviewCS.csproj", "{00D91B88-D9D9-4145-880C-2F546785D30A}"
EndProject
Project("{FAE04EC0-301F-11D3-BF4B-00C04F79EFBC}") = "XamarinXamlPreviewCS.iOS", "XamarinXamlPreviewCS\XamarinXamlPreviewCS.iOS\XamarinXamlPreviewCS.iOS.csproj", "{AEE78168-8F3C-4FFF-95FE-12582A71305F}"
EndProject
Project("{FAE04EC0-301F-11D3-BF4B-00C04F79EFBC}") = "XamarinXamlPreviewCS.Android", "XamarinXamlPreviewCS\XamarinXamlPreviewCS.Android\XamarinXamlPreviewCS.Android.csproj", "{ADBA7A1D-5B7B-4978-9817-D1DDA2645C03}"
EndProject
Project("{FAE04EC0-301F-11D3-BF4B-00C04F79EFBC}") = "XamarinXamlPreviewCS.WinPhone", "XamarinXamlPreviewCS\XamarinXamlPreviewCS.WinPhone\XamarinXamlPreviewCS.WinPhone.csproj", "{85EAC93D-2679-4853-A101-B0FAA5F77D04}"
EndProject
Project("{2150E333-8FDC-42A3-9474-1A3956D46DE8}") = ".nuget", ".nuget", "{9FD93CD5-5240-4928-8A03-EC49CF28884D}"
	ProjectSection(SolutionItems) = preProject
		.nuget\NuGet.Config = .nuget\NuGet.Config
		.nuget\NuGet.exe = .nuget\NuGet.exe
		.nuget\NuGet.targets = .nuget\NuGet.targets
	EndProjectSection
EndProject
Global
	GlobalSection(SolutionConfigurationPlatforms) = preSolution
		Ad-Hoc|Any CPU = Ad-Hoc|Any CPU
		Ad-Hoc|ARM = Ad-Hoc|ARM
		Ad-Hoc|iPhone = Ad-Hoc|iPhone
		Ad-Hoc|iPhoneSimulator = Ad-Hoc|iPhoneSimulator
		Ad-Hoc|Mixed Platforms = Ad-Hoc|Mixed Platforms
		Ad-Hoc|x86 = Ad-Hoc|x86
		AppStore|Any CPU = AppStore|Any CPU
		AppStore|ARM = AppStore|ARM
		AppStore|iPhone = AppStore|iPhone
		AppStore|iPhoneSimulator = AppStore|iPhoneSimulator
		AppStore|Mixed Platforms = AppStore|Mixed Platforms
		AppStore|x86 = AppStore|x86
		Debug|Any CPU = Debug|Any CPU
		Debug|ARM = Debug|ARM
		Debug|iPhone = Debug|iPhone
		Debug|iPhoneSimulator = Debug|iPhoneSimulator
		Debug|Mixed Platforms = Debug|Mixed Platforms
		Debug|x86 = Debug|x86
		Release|Any CPU = Release|Any CPU
		Release|ARM = Release|ARM
		Release|iPhone = Release|iPhone
		Release|iPhoneSimulator = Release|iPhoneSimulator
		Release|Mixed Platforms = Release|Mixed Platforms
		Release|x86 = Release|x86
	EndGlobalSection
	GlobalSection(ProjectConfigurationPlatforms) = postSolution
		{00D91B88-D9D9-4145-880C-2F546785D30A}.Ad-Hoc|Any CPU.ActiveCfg = Release|Any CPU
		{00D91B88-D9D9-4145-880C-2F546785D30A}.Ad-Hoc|Any CPU.Build.0 = Release|Any CPU
		{00D91B88-D9D9-4145-880C-2F546785D30A}.Ad-Hoc|ARM.ActiveCfg = Release|Any CPU
		{00D91B88-D9D9-4145-880C-2F546785D30A}.Ad-Hoc|iPhone.ActiveCfg = Release|Any CPU
		{00D91B88-D9D9-4145-880C-2F546785D30A}.Ad-Hoc|iPhoneSimulator.ActiveCfg = Release|Any CPU
		{00D91B88-D9D9-4145-880C-2F546785D30A}.Ad-Hoc|Mixed Platforms.ActiveCfg = Release|Any CPU
		{00D91B88-D9D9-4145-880C-2F546785D30A}.Ad-Hoc|Mixed Platforms.Build.0 = Release|Any CPU
		{00D91B88-D9D9-4145-880C-2F546785D30A}.Ad-Hoc|x86.ActiveCfg = Release|Any CPU
		{00D91B88-D9D9-4145-880C-2F546785D30A}.AppStore|Any CPU.ActiveCfg = Release|Any CPU
		{00D91B88-D9D9-4145-880C-2F546785D30A}.AppStore|Any CPU.Build.0 = Release|Any CPU
		{00D91B88-D9D9-4145-880C-2F546785D30A}.AppStore|ARM.ActiveCfg = Release|Any CPU
		{00D91B88-D9D9-4145-880C-2F546785D30A}.AppStore|iPhone.ActiveCfg = Release|Any CPU
		{00D91B88-D9D9-4145-880C-2F546785D30A}.AppStore|iPhoneSimulator.ActiveCfg = Release|Any CPU
		{00D91B88-D9D9-4145-880C-2F546785D30A}.AppStore|Mixed Platforms.ActiveCfg = Release|Any CPU
		{00D91B88-D9D9-4145-880C-2F546785D30A}.AppStore|Mixed Platforms.Build.0 = Release|Any CPU
		{00D91B88-D9D9-4145-880C-2F546785D30A}.AppStore|x86.ActiveCfg = Release|Any CPU
		{00D91B88-D9D9-4145-880C-2F546785D30A}.Debug|Any CPU.ActiveCfg = Debug|Any CPU
		{00D91B88-D9D9-4145-880C-2F546785D30A}.Debug|Any CPU.Build.0 = Debug|Any CPU
		{00D91B88-D9D9-4145-880C-2F546785D30A}.Debug|ARM.ActiveCfg = Debug|Any CPU
		{00D91B88-D9D9-4145-880C-2F546785D30A}.Debug|iPhone.ActiveCfg = Debug|Any CPU
		{00D91B88-D9D9-4145-880C-2F546785D30A}.Debug|iPhoneSimulator.ActiveCfg = Debug|Any CPU
		{00D91B88-D9D9-4145-880C-2F546785D30A}.Debug|Mixed Platforms.ActiveCfg = Debug|Any CPU
		{00D91B88-D9D9-4145-880C-2F546785D30A}.Debug|Mixed Platforms.Build.0 = Debug|Any CPU
		{00D91B88-D9D9-4145-880C-2F546785D30A}.Debug|x86.ActiveCfg = Debug|Any CPU
		{00D91B88-D9D9-4145-880C-2F546785D30A}.Release|Any CPU.ActiveCfg = Release|Any CPU
		{00D91B88-D9D9-4145-880C-2F546785D30A}.Release|Any CPU.Build.0 = Release|Any CPU
		{00D91B88-D9D9-4145-880C-2F546785D30A}.Release|ARM.ActiveCfg = Release|Any CPU
		{00D91B88-D9D9-4145-880C-2F546785D30A}.Release|iPhone.ActiveCfg = Release|Any CPU
		{00D91B88-D9D9-4145-880C-2F546785D30A}.Release|iPhoneSimulator.ActiveCfg = Release|Any CPU
		{00D91B88-D9D9-4145-880C-2F546785D30A}.Release|Mixed Platforms.ActiveCfg = Release|Any CPU
		{00D91B88-D9D9-4145-880C-2F546785D30A}.Release|Mixed Platforms.Build.0 = Release|Any CPU
		{00D91B88-D9D9-4145-880C-2F546785D30A}.Release|x86.ActiveCfg = Release|Any CPU
		{AEE78168-8F3C-4FFF-95FE-12582A71305F}.Ad-Hoc|Any CPU.ActiveCfg = Ad-Hoc|iPhone
		{AEE78168-8F3C-4FFF-95FE-12582A71305F}.Ad-Hoc|ARM.ActiveCfg = Ad-Hoc|iPhone
		{AEE78168-8F3C-4FFF-95FE-12582A71305F}.Ad-Hoc|iPhone.ActiveCfg = Ad-Hoc|iPhone
		{AEE78168-8F3C-4FFF-95FE-12582A71305F}.Ad-Hoc|iPhone.Build.0 = Ad-Hoc|iPhone
		{AEE78168-8F3C-4FFF-95FE-12582A71305F}.Ad-Hoc|iPhone.Deploy.0 = Ad-Hoc|iPhone
		{AEE78168-8F3C-4FFF-95FE-12582A71305F}.Ad-Hoc|iPhoneSimulator.ActiveCfg = Ad-Hoc|iPhoneSimulator
		{AEE78168-8F3C-4FFF-95FE-12582A71305F}.Ad-Hoc|iPhoneSimulator.Build.0 = Ad-Hoc|iPhoneSimulator
		{AEE78168-8F3C-4FFF-95FE-12582A71305F}.Ad-Hoc|iPhoneSimulator.Deploy.0 = Ad-Hoc|iPhoneSimulator
		{AEE78168-8F3C-4FFF-95FE-12582A71305F}.Ad-Hoc|Mixed Platforms.ActiveCfg = Ad-Hoc|iPhone
		{AEE78168-8F3C-4FFF-95FE-12582A71305F}.Ad-Hoc|Mixed Platforms.Build.0 = Ad-Hoc|iPhone
		{AEE78168-8F3C-4FFF-95FE-12582A71305F}.Ad-Hoc|Mixed Platforms.Deploy.0 = Ad-Hoc|iPhone
		{AEE78168-8F3C-4FFF-95FE-12582A71305F}.Ad-Hoc|x86.ActiveCfg = Ad-Hoc|iPhone
		{AEE78168-8F3C-4FFF-95FE-12582A71305F}.AppStore|Any CPU.ActiveCfg = AppStore|iPhone
		{AEE78168-8F3C-4FFF-95FE-12582A71305F}.AppStore|ARM.ActiveCfg = AppStore|iPhone
		{AEE78168-8F3C-4FFF-95FE-12582A71305F}.AppStore|iPhone.ActiveCfg = AppStore|iPhone
		{AEE78168-8F3C-4FFF-95FE-12582A71305F}.AppStore|iPhone.Build.0 = AppStore|iPhone
		{AEE78168-8F3C-4FFF-95FE-12582A71305F}.AppStore|iPhone.Deploy.0 = AppStore|iPhone
		{AEE78168-8F3C-4FFF-95FE-12582A71305F}.AppStore|iPhoneSimulator.ActiveCfg = AppStore|iPhoneSimulator
		{AEE78168-8F3C-4FFF-95FE-12582A71305F}.AppStore|iPhoneSimulator.Build.0 = AppStore|iPhoneSimulator
		{AEE78168-8F3C-4FFF-95FE-12582A71305F}.AppStore|iPhoneSimulator.Deploy.0 = AppStore|iPhoneSimulator
		{AEE78168-8F3C-4FFF-95FE-12582A71305F}.AppStore|Mixed Platforms.ActiveCfg = AppStore|iPhone
		{AEE78168-8F3C-4FFF-95FE-12582A71305F}.AppStore|Mixed Platforms.Build.0 = AppStore|iPhone
		{AEE78168-8F3C-4FFF-95FE-12582A71305F}.AppStore|Mixed Platforms.Deploy.0 = AppStore|iPhone
		{AEE78168-8F3C-4FFF-95FE-12582A71305F}.AppStore|x86.ActiveCfg = AppStore|iPhone
		{AEE78168-8F3C-4FFF-95FE-12582A71305F}.Debug|Any CPU.ActiveCfg = Debug|iPhone
		{AEE78168-8F3C-4FFF-95FE-12582A71305F}.Debug|ARM.ActiveCfg = Debug|iPhone
		{AEE78168-8F3C-4FFF-95FE-12582A71305F}.Debug|iPhone.ActiveCfg = Debug|iPhone
		{AEE78168-8F3C-4FFF-95FE-12582A71305F}.Debug|iPhone.Build.0 = Debug|iPhone
		{AEE78168-8F3C-4FFF-95FE-12582A71305F}.Debug|iPhone.Deploy.0 = Debug|iPhone
		{AEE78168-8F3C-4FFF-95FE-12582A71305F}.Debug|iPhoneSimulator.ActiveCfg = Debug|iPhoneSimulator
		{AEE78168-8F3C-4FFF-95FE-12582A71305F}.Debug|iPhoneSimulator.Build.0 = Debug|iPhoneSimulator
		{AEE78168-8F3C-4FFF-95FE-12582A71305F}.Debug|iPhoneSimulator.Deploy.0 = Debug|iPhoneSimulator
		{AEE78168-8F3C-4FFF-95FE-12582A71305F}.Debug|Mixed Platforms.ActiveCfg = Debug|iPhone
		{AEE78168-8F3C-4FFF-95FE-12582A71305F}.Debug|Mixed Platforms.Build.0 = Debug|iPhone
		{AEE78168-8F3C-4FFF-95FE-12582A71305F}.Debug|Mixed Platforms.Deploy.0 = Debug|iPhone
		{AEE78168-8F3C-4FFF-95FE-12582A71305F}.Debug|x86.ActiveCfg = Debug|iPhone
		{AEE78168-8F3C-4FFF-95FE-12582A71305F}.Release|Any CPU.ActiveCfg = Release|iPhone
		{AEE78168-8F3C-4FFF-95FE-12582A71305F}.Release|ARM.ActiveCfg = Release|iPhone
		{AEE78168-8F3C-4FFF-95FE-12582A71305F}.Release|iPhone.ActiveCfg = Release|iPhone
		{AEE78168-8F3C-4FFF-95FE-12582A71305F}.Release|iPhone.Build.0 = Release|iPhone
		{AEE78168-8F3C-4FFF-95FE-12582A71305F}.Release|iPhone.Deploy.0 = Release|iPhone
		{AEE78168-8F3C-4FFF-95FE-12582A71305F}.Release|iPhoneSimulator.ActiveCfg = Release|iPhoneSimulator
		{AEE78168-8F3C-4FFF-95FE-12582A71305F}.Release|iPhoneSimulator.Build.0 = Release|iPhoneSimulator
		{AEE78168-8F3C-4FFF-95FE-12582A71305F}.Release|iPhoneSimulator.Deploy.0 = Release|iPhoneSimulator
		{AEE78168-8F3C-4FFF-95FE-12582A71305F}.Release|Mixed Platforms.ActiveCfg = Release|iPhone
		{AEE78168-8F3C-4FFF-95FE-12582A71305F}.Release|Mixed Platforms.Build.0 = Release|iPhone
		{AEE78168-8F3C-4FFF-95FE-12582A71305F}.Release|Mixed Platforms.Deploy.0 = Release|iPhone
		{AEE78168-8F3C-4FFF-95FE-12582A71305F}.Release|x86.ActiveCfg = Release|iPhone
		{ADBA7A1D-5B7B-4978-9817-D1DDA2645C03}.Ad-Hoc|Any CPU.ActiveCfg = Release|Any CPU
		{ADBA7A1D-5B7B-4978-9817-D1DDA2645C03}.Ad-Hoc|Any CPU.Build.0 = Release|Any CPU
		{ADBA7A1D-5B7B-4978-9817-D1DDA2645C03}.Ad-Hoc|Any CPU.Deploy.0 = Release|Any CPU
		{ADBA7A1D-5B7B-4978-9817-D1DDA2645C03}.Ad-Hoc|ARM.ActiveCfg = Release|Any CPU
		{ADBA7A1D-5B7B-4978-9817-D1DDA2645C03}.Ad-Hoc|iPhone.ActiveCfg = Release|Any CPU
		{ADBA7A1D-5B7B-4978-9817-D1DDA2645C03}.Ad-Hoc|iPhoneSimulator.ActiveCfg = Release|Any CPU
		{ADBA7A1D-5B7B-4978-9817-D1DDA2645C03}.Ad-Hoc|Mixed Platforms.ActiveCfg = Release|Any CPU
		{ADBA7A1D-5B7B-4978-9817-D1DDA2645C03}.Ad-Hoc|Mixed Platforms.Build.0 = Release|Any CPU
		{ADBA7A1D-5B7B-4978-9817-D1DDA2645C03}.Ad-Hoc|Mixed Platforms.Deploy.0 = Release|Any CPU
		{ADBA7A1D-5B7B-4978-9817-D1DDA2645C03}.Ad-Hoc|x86.ActiveCfg = Release|Any CPU
		{ADBA7A1D-5B7B-4978-9817-D1DDA2645C03}.AppStore|Any CPU.ActiveCfg = Release|Any CPU
		{ADBA7A1D-5B7B-4978-9817-D1DDA2645C03}.AppStore|Any CPU.Build.0 = Release|Any CPU
		{ADBA7A1D-5B7B-4978-9817-D1DDA2645C03}.AppStore|Any CPU.Deploy.0 = Release|Any CPU
		{ADBA7A1D-5B7B-4978-9817-D1DDA2645C03}.AppStore|ARM.ActiveCfg = Release|Any CPU
		{ADBA7A1D-5B7B-4978-9817-D1DDA2645C03}.AppStore|iPhone.ActiveCfg = Release|Any CPU
		{ADBA7A1D-5B7B-4978-9817-D1DDA2645C03}.AppStore|iPhoneSimulator.ActiveCfg = Release|Any CPU
		{ADBA7A1D-5B7B-4978-9817-D1DDA2645C03}.AppStore|Mixed Platforms.ActiveCfg = Release|Any CPU
		{ADBA7A1D-5B7B-4978-9817-D1DDA2645C03}.AppStore|Mixed Platforms.Build.0 = Release|Any CPU
		{ADBA7A1D-5B7B-4978-9817-D1DDA2645C03}.AppStore|Mixed Platforms.Deploy.0 = Release|Any CPU
		{ADBA7A1D-5B7B-4978-9817-D1DDA2645C03}.AppStore|x86.ActiveCfg = Release|Any CPU
		{ADBA7A1D-5B7B-4978-9817-D1DDA2645C03}.Debug|Any CPU.ActiveCfg = Debug|Any CPU
		{ADBA7A1D-5B7B-4978-9817-D1DDA2645C03}.Debug|Any CPU.Build.0 = Debug|Any CPU
		{ADBA7A1D-5B7B-4978-9817-D1DDA2645C03}.Debug|Any CPU.Deploy.0 = Debug|Any CPU
		{ADBA7A1D-5B7B-4978-9817-D1DDA2645C03}.Debug|ARM.ActiveCfg = Debug|Any CPU
		{ADBA7A1D-5B7B-4978-9817-D1DDA2645C03}.Debug|iPhone.ActiveCfg = Debug|Any CPU
		{ADBA7A1D-5B7B-4978-9817-D1DDA2645C03}.Debug|iPhoneSimulator.ActiveCfg = Debug|Any CPU
		{ADBA7A1D-5B7B-4978-9817-D1DDA2645C03}.Debug|Mixed Platforms.ActiveCfg = Debug|Any CPU
		{ADBA7A1D-5B7B-4978-9817-D1DDA2645C03}.Debug|Mixed Platforms.Build.0 = Debug|Any CPU
		{ADBA7A1D-5B7B-4978-9817-D1DDA2645C03}.Debug|Mixed Platforms.Deploy.0 = Debug|Any CPU
		{ADBA7A1D-5B7B-4978-9817-D1DDA2645C03}.Debug|x86.ActiveCfg = Debug|Any CPU
		{ADBA7A1D-5B7B-4978-9817-D1DDA2645C03}.Release|Any CPU.ActiveCfg = Release|Any CPU
		{ADBA7A1D-5B7B-4978-9817-D1DDA2645C03}.Release|Any CPU.Build.0 = Release|Any CPU
		{ADBA7A1D-5B7B-4978-9817-D1DDA2645C03}.Release|Any CPU.Deploy.0 = Release|Any CPU
		{ADBA7A1D-5B7B-4978-9817-D1DDA2645C03}.Release|ARM.ActiveCfg = Release|Any CPU
		{ADBA7A1D-5B7B-4978-9817-D1DDA2645C03}.Release|iPhone.ActiveCfg = Release|Any CPU
		{ADBA7A1D-5B7B-4978-9817-D1DDA2645C03}.Release|iPhoneSimulator.ActiveCfg = Release|Any CPU
		{ADBA7A1D-5B7B-4978-9817-D1DDA2645C03}.Release|Mixed Platforms.ActiveCfg = Release|Any CPU
		{ADBA7A1D-5B7B-4978-9817-D1DDA2645C03}.Release|Mixed Platforms.Build.0 = Release|Any CPU
		{ADBA7A1D-5B7B-4978-9817-D1DDA2645C03}.Release|Mixed Platforms.Deploy.0 = Release|Any CPU
		{ADBA7A1D-5B7B-4978-9817-D1DDA2645C03}.Release|x86.ActiveCfg = Release|Any CPU
		{85EAC93D-2679-4853-A101-B0FAA5F77D04}.Ad-Hoc|Any CPU.ActiveCfg = Release|Any CPU
		{85EAC93D-2679-4853-A101-B0FAA5F77D04}.Ad-Hoc|Any CPU.Build.0 = Release|Any CPU
		{85EAC93D-2679-4853-A101-B0FAA5F77D04}.Ad-Hoc|Any CPU.Deploy.0 = Release|Any CPU
		{85EAC93D-2679-4853-A101-B0FAA5F77D04}.Ad-Hoc|ARM.ActiveCfg = Release|ARM
		{85EAC93D-2679-4853-A101-B0FAA5F77D04}.Ad-Hoc|ARM.Build.0 = Release|ARM
		{85EAC93D-2679-4853-A101-B0FAA5F77D04}.Ad-Hoc|ARM.Deploy.0 = Release|ARM
		{85EAC93D-2679-4853-A101-B0FAA5F77D04}.Ad-Hoc|iPhone.ActiveCfg = Release|Any CPU
		{85EAC93D-2679-4853-A101-B0FAA5F77D04}.Ad-Hoc|iPhoneSimulator.ActiveCfg = Release|Any CPU
		{85EAC93D-2679-4853-A101-B0FAA5F77D04}.Ad-Hoc|Mixed Platforms.ActiveCfg = Release|x86
		{85EAC93D-2679-4853-A101-B0FAA5F77D04}.Ad-Hoc|Mixed Platforms.Build.0 = Release|x86
		{85EAC93D-2679-4853-A101-B0FAA5F77D04}.Ad-Hoc|Mixed Platforms.Deploy.0 = Release|x86
		{85EAC93D-2679-4853-A101-B0FAA5F77D04}.Ad-Hoc|x86.ActiveCfg = Release|x86
		{85EAC93D-2679-4853-A101-B0FAA5F77D04}.Ad-Hoc|x86.Build.0 = Release|x86
		{85EAC93D-2679-4853-A101-B0FAA5F77D04}.Ad-Hoc|x86.Deploy.0 = Release|x86
		{85EAC93D-2679-4853-A101-B0FAA5F77D04}.AppStore|Any CPU.ActiveCfg = Release|Any CPU
		{85EAC93D-2679-4853-A101-B0FAA5F77D04}.AppStore|Any CPU.Build.0 = Release|Any CPU
		{85EAC93D-2679-4853-A101-B0FAA5F77D04}.AppStore|Any CPU.Deploy.0 = Release|Any CPU
		{85EAC93D-2679-4853-A101-B0FAA5F77D04}.AppStore|ARM.ActiveCfg = Release|ARM
		{85EAC93D-2679-4853-A101-B0FAA5F77D04}.AppStore|ARM.Build.0 = Release|ARM
		{85EAC93D-2679-4853-A101-B0FAA5F77D04}.AppStore|ARM.Deploy.0 = Release|ARM
		{85EAC93D-2679-4853-A101-B0FAA5F77D04}.AppStore|iPhone.ActiveCfg = Release|Any CPU
		{85EAC93D-2679-4853-A101-B0FAA5F77D04}.AppStore|iPhoneSimulator.ActiveCfg = Release|Any CPU
		{85EAC93D-2679-4853-A101-B0FAA5F77D04}.AppStore|Mixed Platforms.ActiveCfg = Release|x86
		{85EAC93D-2679-4853-A101-B0FAA5F77D04}.AppStore|Mixed Platforms.Build.0 = Release|x86
		{85EAC93D-2679-4853-A101-B0FAA5F77D04}.AppStore|Mixed Platforms.Deploy.0 = Release|x86
		{85EAC93D-2679-4853-A101-B0FAA5F77D04}.AppStore|x86.ActiveCfg = Release|x86
		{85EAC93D-2679-4853-A101-B0FAA5F77D04}.AppStore|x86.Build.0 = Release|x86
		{85EAC93D-2679-4853-A101-B0FAA5F77D04}.AppStore|x86.Deploy.0 = Release|x86
		{85EAC93D-2679-4853-A101-B0FAA5F77D04}.Debug|Any CPU.ActiveCfg = Debug|Any CPU
		{85EAC93D-2679-4853-A101-B0FAA5F77D04}.Debug|Any CPU.Build.0 = Debug|Any CPU
		{85EAC93D-2679-4853-A101-B0FAA5F77D04}.Debug|Any CPU.Deploy.0 = Debug|Any CPU
		{85EAC93D-2679-4853-A101-B0FAA5F77D04}.Debug|ARM.ActiveCfg = Debug|ARM
		{85EAC93D-2679-4853-A101-B0FAA5F77D04}.Debug|ARM.Build.0 = Debug|ARM
		{85EAC93D-2679-4853-A101-B0FAA5F77D04}.Debug|ARM.Deploy.0 = Debug|ARM
		{85EAC93D-2679-4853-A101-B0FAA5F77D04}.Debug|iPhone.ActiveCfg = Debug|Any CPU
		{85EAC93D-2679-4853-A101-B0FAA5F77D04}.Debug|iPhoneSimulator.ActiveCfg = Debug|Any CPU
		{85EAC93D-2679-4853-A101-B0FAA5F77D04}.Debug|Mixed Platforms.ActiveCfg = Debug|x86
		{85EAC93D-2679-4853-A101-B0FAA5F77D04}.Debug|Mixed Platforms.Build.0 = Debug|x86
		{85EAC93D-2679-4853-A101-B0FAA5F77D04}.Debug|Mixed Platforms.Deploy.0 = Debug|x86
		{85EAC93D-2679-4853-A101-B0FAA5F77D04}.Debug|x86.ActiveCfg = Debug|x86
		{85EAC93D-2679-4853-A101-B0FAA5F77D04}.Debug|x86.Build.0 = Debug|x86
		{85EAC93D-2679-4853-A101-B0FAA5F77D04}.Debug|x86.Deploy.0 = Debug|x86
		{85EAC93D-2679-4853-A101-B0FAA5F77D04}.Release|Any CPU.ActiveCfg = Release|Any CPU
		{85EAC93D-2679-4853-A101-B0FAA5F77D04}.Release|Any CPU.Build.0 = Release|Any CPU
		{85EAC93D-2679-4853-A101-B0FAA5F77D04}.Release|Any CPU.Deploy.0 = Release|Any CPU
		{85EAC93D-2679-4853-A101-B0FAA5F77D04}.Release|ARM.ActiveCfg = Release|ARM
		{85EAC93D-2679-4853-A101-B0FAA5F77D04}.Release|ARM.Build.0 = Release|ARM
		{85EAC93D-2679-4853-A101-B0FAA5F77D04}.Release|ARM.Deploy.0 = Release|ARM
		{85EAC93D-2679-4853-A101-B0FAA5F77D04}.Release|iPhone.ActiveCfg = Release|Any CPU
		{85EAC93D-2679-4853-A101-B0FAA5F77D04}.Release|iPhoneSimulator.ActiveCfg = Release|Any CPU
		{85EAC93D-2679-4853-A101-B0FAA5F77D04}.Release|Mixed Platforms.ActiveCfg = Release|x86
		{85EAC93D-2679-4853-A101-B0FAA5F77D04}.Release|Mixed Platforms.Build.0 = Release|x86
		{85EAC93D-2679-4853-A101-B0FAA5F77D04}.Release|Mixed Platforms.Deploy.0 = Release|x86
		{85EAC93D-2679-4853-A101-B0FAA5F77D04}.Release|x86.ActiveCfg = Release|x86
		{85EAC93D-2679-4853-A101-B0FAA5F77D04}.Release|x86.Build.0 = Release|x86
		{85EAC93D-2679-4853-A101-B0FAA5F77D04}.Release|x86.Deploy.0 = Release|x86
	EndGlobalSection
	GlobalSection(SolutionProperties) = preSolution
		HideSolutionNode = FALSE
	EndGlobalSection
EndGlobal
